// !$*UTF8*$!
{
	archiveVersion = 1;
	classes = {
	};
	objectVersion = 48;
	objects = {

/* Begin PBXBuildFile section */
		721AC7B41FF6C886001F9965 /* Player.swift in Sources */ = {isa = PBXBuildFile; fileRef = 721AC7B31FF6C886001F9965 /* Player.swift */; };
		721AC7B61FF6C8EE001F9965 /* SampleData.swift in Sources */ = {isa = PBXBuildFile; fileRef = 721AC7B51FF6C8EE001F9965 /* SampleData.swift */; };
		72F0CFDD1FF593EB0043C2B4 /* AppDelegate.swift in Sources */ = {isa = PBXBuildFile; fileRef = 72F0CFDC1FF593EB0043C2B4 /* AppDelegate.swift */; };
		72F0CFDF1FF593EB0043C2B4 /* ViewController.swift in Sources */ = {isa = PBXBuildFile; fileRef = 72F0CFDE1FF593EB0043C2B4 /* ViewController.swift */; };
		72F0CFE21FF593EB0043C2B4 /* Main.storyboard in Resources */ = {isa = PBXBuildFile; fileRef = 72F0CFE01FF593EB0043C2B4 /* Main.storyboard */; };
		72F0CFE41FF593EB0043C2B4 /* Assets.xcassets in Resources */ = {isa = PBXBuildFile; fileRef = 72F0CFE31FF593EB0043C2B4 /* Assets.xcassets */; };
		72F0CFE71FF593EB0043C2B4 /* LaunchScreen.storyboard in Resources */ = {isa = PBXBuildFile; fileRef = 72F0CFE51FF593EB0043C2B4 /* LaunchScreen.storyboard */; };
		72F0D00D1FF6C1750043C2B4 /* PlayersViewController.swift in Sources */ = {isa = PBXBuildFile; fileRef = 72F0D00C1FF6C1750043C2B4 /* PlayersViewController.swift */; };
/* End PBXBuildFile section */

/* Begin PBXContainerItemProxy section */
		72F0CFEE1FF593EB0043C2B4 /* PBXContainerItemProxy */ = {
			isa = PBXContainerItemProxy;
			containerPortal = 72F0CFD11FF593EB0043C2B4 /* Project object */;
			proxyType = 1;
			remoteGlobalIDString = 72F0CFD81FF593EB0043C2B4;
			remoteInfo = MyApp;
		};
		72F0CFF91FF593EB0043C2B4 /* PBXContainerItemProxy */ = {
			isa = PBXContainerItemProxy;
			containerPortal = 72F0CFD11FF593EB0043C2B4 /* Project object */;
			proxyType = 1;
			remoteGlobalIDString = 72F0CFD81FF593EB0043C2B4;
			remoteInfo = MyApp;
		};
/* End PBXContainerItemProxy section */

/* Begin PBXFileReference section */
		721AC7B31FF6C886001F9965 /* Player.swift */ = {isa = PBXFileReference; lastKnownFileType = sourcecode.swift; path = Player.swift; sourceTree = "<group>"; };
		721AC7B51FF6C8EE001F9965 /* SampleData.swift */ = {isa = PBXFileReference; lastKnownFileType = sourcecode.swift; path = SampleData.swift; sourceTree = "<group>"; };
		72F0CFD91FF593EB0043C2B4 /* MyApp.app */ = {isa = PBXFileReference; explicitFileType = wrapper.application; includeInIndex = 0; path = MyApp.app; sourceTree = BUILT_PRODUCTS_DIR; };
		72F0CFDC1FF593EB0043C2B4 /* AppDelegate.swift */ = {isa = PBXFileReference; lastKnownFileType = sourcecode.swift; path = AppDelegate.swift; sourceTree = "<group>"; };
		72F0CFDE1FF593EB0043C2B4 /* ViewController.swift */ = {isa = PBXFileReference; lastKnownFileType = sourcecode.swift; path = ViewController.swift; sourceTree = "<group>"; };
		72F0CFE11FF593EB0043C2B4 /* Base */ = {isa = PBXFileReference; lastKnownFileType = file.storyboard; name = Base; path = Base.lproj/Main.storyboard; sourceTree = "<group>"; };
		72F0CFE31FF593EB0043C2B4 /* Assets.xcassets */ = {isa = PBXFileReference; lastKnownFileType = folder.assetcatalog; path = Assets.xcassets; sourceTree = "<group>"; };
		72F0CFE61FF593EB0043C2B4 /* Base */ = {isa = PBXFileReference; lastKnownFileType = file.storyboard; name = Base; path = Base.lproj/LaunchScreen.storyboard; sourceTree = "<group>"; };
		72F0CFE81FF593EB0043C2B4 /* Info.plist */ = {isa = PBXFileReference; lastKnownFileType = text.plist.xml; path = Info.plist; sourceTree = "<group>"; };
		72F0CFED1FF593EB0043C2B4 /* MyAppTests.xctest */ = {isa = PBXFileReference; explicitFileType = wrapper.cfbundle; includeInIndex = 0; path = MyAppTests.xctest; sourceTree = BUILT_PRODUCTS_DIR; };
		72F0CFF81FF593EB0043C2B4 /* MyAppUITests.xctest */ = {isa = PBXFileReference; explicitFileType = wrapper.cfbundle; includeInIndex = 0; path = MyAppUITests.xctest; sourceTree = BUILT_PRODUCTS_DIR; };
		72F0D00C1FF6C1750043C2B4 /* PlayersViewController.swift */ = {isa = PBXFileReference; lastKnownFileType = sourcecode.swift; path = PlayersViewController.swift; sourceTree = "<group>"; };
/* End PBXFileReference section */

/* Begin PBXFrameworksBuildPhase section */
		72F0CFD61FF593EB0043C2B4 /* Frameworks */ = {
			isa = PBXFrameworksBuildPhase;
			buildActionMask = 2147483647;
			files = (
			);
			runOnlyForDeploymentPostprocessing = 0;
		};
		72F0CFEA1FF593EB0043C2B4 /* Frameworks */ = {
			isa = PBXFrameworksBuildPhase;
			buildActionMask = 2147483647;
			files = (
			);
			runOnlyForDeploymentPostprocessing = 0;
		};
		72F0CFF51FF593EB0043C2B4 /* Frameworks */ = {
			isa = PBXFrameworksBuildPhase;
			buildActionMask = 2147483647;
			files = (
			);
			runOnlyForDeploymentPostprocessing = 0;
		};
/* End PBXFrameworksBuildPhase section */

/* Begin PBXGroup section */
		72F0CFD01FF593EB0043C2B4 = {
			isa = PBXGroup;
			children = (
				72F0CFDB1FF593EB0043C2B4 /* MyApp */,
				72F0CFDA1FF593EB0043C2B4 /* Products */,
			);
			sourceTree = "<group>";
		};
		72F0CFDA1FF593EB0043C2B4 /* Products */ = {
			isa = PBXGroup;
			children = (
				72F0CFD91FF593EB0043C2B4 /* MyApp.app */,
				72F0CFED1FF593EB0043C2B4 /* MyAppTests.xctest */,
				72F0CFF81FF593EB0043C2B4 /* MyAppUITests.xctest */,
			);
			name = Products;
			sourceTree = "<group>";
		};
		72F0CFDB1FF593EB0043C2B4 /* MyApp */ = {
			isa = PBXGroup;
			children = (
				72F0CFDC1FF593EB0043C2B4 /* AppDelegate.swift */,
				72F0CFDE1FF593EB0043C2B4 /* ViewController.swift */,
				72F0CFE01FF593EB0043C2B4 /* Main.storyboard */,
				721AC7B31FF6C886001F9965 /* Player.swift */,
				721AC7B51FF6C8EE001F9965 /* SampleData.swift */,
				72F0CFE31FF593EB0043C2B4 /* Assets.xcassets */,
				72F0CFE51FF593EB0043C2B4 /* LaunchScreen.storyboard */,
				72F0CFE81FF593EB0043C2B4 /* Info.plist */,
				72F0D00C1FF6C1750043C2B4 /* PlayersViewController.swift */,
			);
			path = MyApp;
			sourceTree = "<group>";
		};
/* End PBXGroup section */

/* Begin PBXNativeTarget section */
		72F0CFD81FF593EB0043C2B4 /* MyApp */ = {
			isa = PBXNativeTarget;
			buildConfigurationList = 72F0D0011FF593EB0043C2B4 /* Build configuration list for PBXNativeTarget "MyApp" */;
			buildPhases = (
				72F0CFD51FF593EB0043C2B4 /* Sources */,
				72F0CFD61FF593EB0043C2B4 /* Frameworks */,
				72F0CFD71FF593EB0043C2B4 /* Resources */,
			);
			buildRules = (
			);
			dependencies = (
			);
			name = MyApp;
			productName = MyApp;
			productReference = 72F0CFD91FF593EB0043C2B4 /* MyApp.app */;
			productType = "com.apple.product-type.application";
		};
		72F0CFEC1FF593EB0043C2B4 /* MyAppTests */ = {
			isa = PBXNativeTarget;
			buildConfigurationList = 72F0D0041FF593EB0043C2B4 /* Build configuration list for PBXNativeTarget "MyAppTests" */;
			buildPhases = (
				72F0CFE91FF593EB0043C2B4 /* Sources */,
				72F0CFEA1FF593EB0043C2B4 /* Frameworks */,
				72F0CFEB1FF593EB0043C2B4 /* Resources */,
			);
			buildRules = (
			);
			dependencies = (
				72F0CFEF1FF593EB0043C2B4 /* PBXTargetDependency */,
			);
			name = MyAppTests;
			productName = MyAppTests;
			productReference = 72F0CFED1FF593EB0043C2B4 /* MyAppTests.xctest */;
			productType = "com.apple.product-type.bundle.unit-test";
		};
		72F0CFF71FF593EB0043C2B4 /* MyAppUITests */ = {
			isa = PBXNativeTarget;
			buildConfigurationList = 72F0D0071FF593EB0043C2B4 /* Build configuration list for PBXNativeTarget "MyAppUITests" */;
			buildPhases = (
				72F0CFF41FF593EB0043C2B4 /* Sources */,
				72F0CFF51FF593EB0043C2B4 /* Frameworks */,
				72F0CFF61FF593EB0043C2B4 /* Resources */,
			);
			buildRules = (
			);
			dependencies = (
				72F0CFFA1FF593EB0043C2B4 /* PBXTargetDependency */,
			);
			name = MyAppUITests;
			productName = MyAppUITests;
			productReference = 72F0CFF81FF593EB0043C2B4 /* MyAppUITests.xctest */;
			productType = "com.apple.product-type.bundle.ui-testing";
		};
/* End PBXNativeTarget section */

/* Begin PBXProject section */
		72F0CFD11FF593EB0043C2B4 /* Project object */ = {
			isa = PBXProject;
			attributes = {
				LastSwiftUpdateCheck = 0920;
				LastUpgradeCheck = 0920;
				ORGANIZATIONNAME = flex;
				TargetAttributes = {
					72F0CFD81FF593EB0043C2B4 = {
						CreatedOnToolsVersion = 9.2;
						ProvisioningStyle = Automatic;
					};
					72F0CFEC1FF593EB0043C2B4 = {
						CreatedOnToolsVersion = 9.2;
						ProvisioningStyle = Automatic;
						TestTargetID = 72F0CFD81FF593EB0043C2B4;
					};
					72F0CFF71FF593EB0043C2B4 = {
						CreatedOnToolsVersion = 9.2;
						ProvisioningStyle = Automatic;
						TestTargetID = 72F0CFD81FF593EB0043C2B4;
					};
				};
			};
			buildConfigurationList = 72F0CFD41FF593EB0043C2B4 /* Build configuration list for PBXProject "MyApp" */;
			compatibilityVersion = "Xcode 8.0";
			developmentRegion = en;
			hasScannedForEncodings = 0;
			knownRegions = (
				en,
				Base,
			);
			mainGroup = 72F0CFD01FF593EB0043C2B4;
			productRefGroup = 72F0CFDA1FF593EB0043C2B4 /* Products */;
			projectDirPath = "";
			projectRoot = "";
			targets = (
				72F0CFD81FF593EB0043C2B4 /* MyApp */,
				72F0CFEC1FF593EB0043C2B4 /* MyAppTests */,
				72F0CFF71FF593EB0043C2B4 /* MyAppUITests */,
			);
		};
/* End PBXProject section */

/* Begin PBXResourcesBuildPhase section */
		72F0CFD71FF593EB0043C2B4 /* Resources */ = {
			isa = PBXResourcesBuildPhase;
			buildActionMask = 2147483647;
			files = (
				72F0CFE71FF593EB0043C2B4 /* LaunchScreen.storyboard in Resources */,
				72F0CFE41FF593EB0043C2B4 /* Assets.xcassets in Resources */,
				72F0CFE21FF593EB0043C2B4 /* Main.storyboard in Resources */,
			);
			runOnlyForDeploymentPostprocessing = 0;
		};
		72F0CFEB1FF593EB0043C2B4 /* Resources */ = {
			isa = PBXResourcesBuildPhase;
			buildActionMask = 2147483647;
			files = (
			);
			runOnlyForDeploymentPostprocessing = 0;
		};
		72F0CFF61FF593EB0043C2B4 /* Resources */ = {
			isa = PBXResourcesBuildPhase;
			buildActionMask = 2147483647;
			files = (
			);
			runOnlyForDeploymentPostprocessing = 0;
		};
/* End PBXResourcesBuildPhase section */

/* Begin PBXSourcesBuildPhase section */
		72F0CFD51FF593EB0043C2B4 /* Sources */ = {
			isa = PBXSourcesBuildPhase;
			buildActionMask = 2147483647;
			files = (
				721AC7B41FF6C886001F9965 /* Player.swift in Sources */,
				72F0CFDF1FF593EB0043C2B4 /* ViewController.swift in Sources */,
				72F0D00D1FF6C1750043C2B4 /* PlayersViewController.swift in Sources */,
				721AC7B61FF6C8EE001F9965 /* SampleData.swift in Sources */,
				72F0CFDD1FF593EB0043C2B4 /* AppDelegate.swift in Sources */,
			);
			runOnlyForDeploymentPostprocessing = 0;
		};
		72F0CFE91FF593EB0043C2B4 /* Sources */ = {
			isa = PBXSourcesBuildPhase;
			buildActionMask = 2147483647;
			files = (
			);
			runOnlyForDeploymentPostprocessing = 0;
		};
		72F0CFF41FF593EB0043C2B4 /* Sources */ = {
			isa = PBXSourcesBuildPhase;
			buildActionMask = 2147483647;
			files = (
			);
			runOnlyForDeploymentPostprocessing = 0;
		};
/* End PBXSourcesBuildPhase section */

/* Begin PBXTargetDependency section */
		72F0CFEF1FF593EB0043C2B4 /* PBXTargetDependency */ = {
			isa = PBXTargetDependency;
			target = 72F0CFD81FF593EB0043C2B4 /* MyApp */;
			targetProxy = 72F0CFEE1FF593EB0043C2B4 /* PBXContainerItemProxy */;
		};
		72F0CFFA1FF593EB0043C2B4 /* PBXTargetDependency */ = {
			isa = PBXTargetDependency;
			target = 72F0CFD81FF593EB0043C2B4 /* MyApp */;
			targetProxy = 72F0CFF91FF593EB0043C2B4 /* PBXContainerItemProxy */;
		};
/* End PBXTargetDependency section */

/* Begin PBXVariantGroup section */
		72F0CFE01FF593EB0043C2B4 /* Main.storyboard */ = {
			isa = PBXVariantGroup;
			children = (
				72F0CFE11FF593EB0043C2B4 /* Base */,
			);
			name = Main.storyboard;
			sourceTree = "<group>";
		};
		72F0CFE51FF593EB0043C2B4 /* LaunchScreen.storyboard */ = {
			isa = PBXVariantGroup;
			children = (
				72F0CFE61FF593EB0043C2B4 /* Base */,
			);
			name = LaunchScreen.storyboard;
			sourceTree = "<group>";
		};
/* End PBXVariantGroup section */

/* Begin XCBuildConfiguration section */
		72F0CFFF1FF593EB0043C2B4 /* Debug */ = {
			isa = XCBuildConfiguration;
			buildSettings = {
				ALWAYS_SEARCH_USER_PATHS = NO;
				CLANG_ANALYZER_NONNULL = YES;
				CLANG_ANALYZER_NUMBER_OBJECT_CONVERSION = YES_AGGRESSIVE;
				CLANG_CXX_LANGUAGE_STANDARD = "gnu++14";
				CLANG_CXX_LIBRARY = "libc++";
				CLANG_ENABLE_MODULES = YES;
				CLANG_ENABLE_OBJC_ARC = YES;
				CLANG_WARN_BLOCK_CAPTURE_AUTORELEASING = YES;
				CLANG_WARN_BOOL_CONVERSION = YES;
				CLANG_WARN_COMMA = YES;
				CLANG_WARN_CONSTANT_CONVERSION = YES;
				CLANG_WARN_DIRECT_OBJC_ISA_USAGE = YES_ERROR;
				CLANG_WARN_DOCUMENTATION_COMMENTS = YES;
				CLANG_WARN_EMPTY_BODY = YES;
				CLANG_WARN_ENUM_CONVERSION = YES;
				CLANG_WARN_INFINITE_RECURSION = YES;
				CLANG_WARN_INT_CONVERSION = YES;
				CLANG_WARN_NON_LITERAL_NULL_CONVERSION = YES;
				CLANG_WARN_OBJC_LITERAL_CONVERSION = YES;
				CLANG_WARN_OBJC_ROOT_CLASS = YES_ERROR;
				CLANG_WARN_RANGE_LOOP_ANALYSIS = YES;
				CLANG_WARN_STRICT_PROTOTYPES = YES;
				CLANG_WARN_SUSPICIOUS_MOVE = YES;
				CLANG_WARN_UNGUARDED_AVAILABILITY = YES_AGGRESSIVE;
				CLANG_WARN_UNREACHABLE_CODE = YES;
				CLANG_WARN__DUPLICATE_METHOD_MATCH = YES;
				CODE_SIGN_IDENTITY = "iPhone Developer";
				COPY_PHASE_STRIP = NO;
				DEBUG_INFORMATION_FORMAT = dwarf;
				ENABLE_STRICT_OBJC_MSGSEND = YES;
				ENABLE_TESTABILITY = YES;
				GCC_C_LANGUAGE_STANDARD = gnu11;
				GCC_DYNAMIC_NO_PIC = NO;
				GCC_NO_COMMON_BLOCKS = YES;
				GCC_OPTIMIZATION_LEVEL = 0;
				GCC_PREPROCESSOR_DEFINITIONS = (
					"DEBUG=1",
					"$(inherited)",
				);
				GCC_WARN_64_TO_32_BIT_CONVERSION = YES;
				GCC_WARN_ABOUT_RETURN_TYPE = YES_ERROR;
				GCC_WARN_UNDECLARED_SELECTOR = YES;
				GCC_WARN_UNINITIALIZED_AUTOS = YES_AGGRESSIVE;
				GCC_WARN_UNUSED_FUNCTION = YES;
				GCC_WARN_UNUSED_VARIABLE = YES;
				IPHONEOS_DEPLOYMENT_TARGET = 11.2;
				MTL_ENABLE_DEBUG_INFO = YES;
				ONLY_ACTIVE_ARCH = YES;
				SDKROOT = iphoneos;
				SWIFT_ACTIVE_COMPILATION_CONDITIONS = DEBUG;
				SWIFT_OPTIMIZATION_LEVEL = "-Onone";
			};
			name = Debug;
		};
		72F0D0001FF593EB0043C2B4 /* Release */ = {
			isa = XCBuildConfiguration;
			buildSettings = {
				ALWAYS_SEARCH_USER_PATHS = NO;
				CLANG_ANALYZER_NONNULL = YES;
				CLANG_ANALYZER_NUMBER_OBJECT_CONVERSION = YES_AGGRESSIVE;
				CLANG_CXX_LANGUAGE_STANDARD = "gnu++14";
				CLANG_CXX_LIBRARY = "libc++";
				CLANG_ENABLE_MODULES = YES;
				CLANG_ENABLE_OBJC_ARC = YES;
				CLANG_WARN_BLOCK_CAPTURE_AUTORELEASING = YES;
				CLANG_WARN_BOOL_CONVERSION = YES;
				CLANG_WARN_COMMA = YES;
				CLANG_WARN_CONSTANT_CONVERSION = YES;
				CLANG_WARN_DIRECT_OBJC_ISA_USAGE = YES_ERROR;
				CLANG_WARN_DOCUMENTATION_COMMENTS = YES;
				CLANG_WARN_EMPTY_BODY = YES;
				CLANG_WARN_ENUM_CONVERSION = YES;
				CLANG_WARN_INFINITE_RECURSION = YES;
				CLANG_WARN_INT_CONVERSION = YES;
				CLANG_WARN_NON_LITERAL_NULL_CONVERSION = YES;
				CLANG_WARN_OBJC_LITERAL_CONVERSION = YES;
				CLANG_WARN_OBJC_ROOT_CLASS = YES_ERROR;
				CLANG_WARN_RANGE_LOOP_ANALYSIS = YES;
				CLANG_WARN_STRICT_PROTOTYPES = YES;
				CLANG_WARN_SUSPICIOUS_MOVE = YES;
				CLANG_WARN_UNGUARDED_AVAILABILITY = YES_AGGRESSIVE;
				CLANG_WARN_UNREACHABLE_CODE = YES;
				CLANG_WARN__DUPLICATE_METHOD_MATCH = YES;
				CODE_SIGN_IDENTITY = "iPhone Developer";
				COPY_PHASE_STRIP = NO;
				DEBUG_INFORMATION_FORMAT = "dwarf-with-dsym";
				ENABLE_NS_ASSERTIONS = NO;
				ENABLE_STRICT_OBJC_MSGSEND = YES;
				GCC_C_LANGUAGE_STANDARD = gnu11;
				GCC_NO_COMMON_BLOCKS = YES;
				GCC_WARN_64_TO_32_BIT_CONVERSION = YES;
				GCC_WARN_ABOUT_RETURN_TYPE = YES_ERROR;
				GCC_WARN_UNDECLARED_SELECTOR = YES;
				GCC_WARN_UNINITIALIZED_AUTOS = YES_AGGRESSIVE;
				GCC_WARN_UNUSED_FUNCTION = YES;
				GCC_WARN_UNUSED_VARIABLE = YES;
				IPHONEOS_DEPLOYMENT_TARGET = 11.2;
				MTL_ENABLE_DEBUG_INFO = NO;
				SDKROOT = iphoneos;
				SWIFT_OPTIMIZATION_LEVEL = "-Owholemodule";
				VALIDATE_PRODUCT = YES;
			};
			name = Release;
		};
		72F0D0021FF593EB0043C2B4 /* Debug */ = {
			isa = XCBuildConfiguration;
			buildSettings = {
				ASSETCATALOG_COMPILER_APPICON_NAME = AppIcon;
				CODE_SIGN_STYLE = Automatic;
				DEVELOPMENT_TEAM = YPEERK3R9Z;
				INFOPLIST_FILE = MyApp/Info.plist;
				LD_RUNPATH_SEARCH_PATHS = "$(inherited) @executable_path/Frameworks";
				PRODUCT_BUNDLE_IDENTIFIER = com.flex.MyApp;
				PRODUCT_NAME = "$(TARGET_NAME)";
				SWIFT_VERSION = 4.0;
				TARGETED_DEVICE_FAMILY = "1,2";
			};
			name = Debug;
		};
		72F0D0031FF593EB0043C2B4 /* Release */ = {
			isa = XCBuildConfiguration;
			buildSettings = {
				ASSETCATALOG_COMPILER_APPICON_NAME = AppIcon;
				CODE_SIGN_STYLE = Automatic;
				DEVELOPMENT_TEAM = YPEERK3R9Z;
				INFOPLIST_FILE = MyApp/Info.plist;
				LD_RUNPATH_SEARCH_PATHS = "$(inherited) @executable_path/Frameworks";
				PRODUCT_BUNDLE_IDENTIFIER = com.flex.MyApp;
				PRODUCT_NAME = "$(TARGET_NAME)";
				SWIFT_VERSION = 4.0;
				TARGETED_DEVICE_FAMILY = "1,2";
			};
			name = Release;
		};
		72F0D0051FF593EB0043C2B4 /* Debug */ = {
			isa = XCBuildConfiguration;
			buildSettings = {
				ALWAYS_EMBED_SWIFT_STANDARD_LIBRARIES = YES;
				BUNDLE_LOADER = "$(TEST_HOST)";
				CODE_SIGN_STYLE = Automatic;
				INFOPLIST_FILE = MyAppTests/Info.plist;
				LD_RUNPATH_SEARCH_PATHS = "$(inherited) @executable_path/Frameworks @loader_path/Frameworks";
				PRODUCT_BUNDLE_IDENTIFIER = Flex.MyAppTests;
				PRODUCT_NAME = "$(TARGET_NAME)";
				SWIFT_VERSION = 4.0;
				TARGETED_DEVICE_FAMILY = "1,2";
				TEST_HOST = "$(BUILT_PRODUCTS_DIR)/MyApp.app/MyApp";
			};
			name = Debug;
		};
		72F0D0061FF593EB0043C2B4 /* Release */ = {
			isa = XCBuildConfiguration;
			buildSettings = {
				ALWAYS_EMBED_SWIFT_STANDARD_LIBRARIES = YES;
				BUNDLE_LOADER = "$(TEST_HOST)";
				CODE_SIGN_STYLE = Automatic;
				INFOPLIST_FILE = MyAppTests/Info.plist;
				LD_RUNPATH_SEARCH_PATHS = "$(inherited) @executable_path/Frameworks @loader_path/Frameworks";
				PRODUCT_BUNDLE_IDENTIFIER = Flex.MyAppTests;
				PRODUCT_NAME = "$(TARGET_NAME)";
				SWIFT_VERSION = 4.0;
				TARGETED_DEVICE_FAMILY = "1,2";
				TEST_HOST = "$(BUILT_PRODUCTS_DIR)/MyApp.app/MyApp";
			};
			name = Release;
		};
		72F0D0081FF593EB0043C2B4 /* Debug */ = {
			isa = XCBuildConfiguration;
			buildSettings = {
				ALWAYS_EMBED_SWIFT_STANDARD_LIBRARIES = YES;
				CODE_SIGN_STYLE = Automatic;
				INFOPLIST_FILE = MyAppUITests/Info.plist;
				LD_RUNPATH_SEARCH_PATHS = "$(inherited) @executable_path/Frameworks @loader_path/Frameworks";
				PRODUCT_BUNDLE_IDENTIFIER = Flex.MyAppUITests;
				PRODUCT_NAME = "$(TARGET_NAME)";
				SWIFT_VERSION = 4.0;
				TARGETED_DEVICE_FAMILY = "1,2";
				TEST_TARGET_NAME = MyApp;
			};
			name = Debug;
		};
		72F0D0091FF593EB0043C2B4 /* Release */ = {
			isa = XCBuildConfiguration;
			buildSettings = {
				ALWAYS_EMBED_SWIFT_STANDARD_LIBRARIES = YES;
				CODE_SIGN_STYLE = Automatic;
				INFOPLIST_FILE = MyAppUITests/Info.plist;
				LD_RUNPATH_SEARCH_PATHS = "$(inherited) @executable_path/Frameworks @loader_path/Frameworks";
				PRODUCT_BUNDLE_IDENTIFIER = Flex.MyAppUITests;
				PRODUCT_NAME = "$(TARGET_NAME)";
				SWIFT_VERSION = 4.0;
				TARGETED_DEVICE_FAMILY = "1,2";
				TEST_TARGET_NAME = MyApp;
			};
			name = Release;
		};
/* End XCBuildConfiguration section */

/* Begin XCConfigurationList section */
		72F0CFD41FF593EB0043C2B4 /* Build configuration list for PBXProject "MyApp" */ = {
			isa = XCConfigurationList;
			buildConfigurations = (
				72F0CFFF1FF593EB0043C2B4 /* Debug */,
				72F0D0001FF593EB0043C2B4 /* Release */,
			);
			defaultConfigurationIsVisible = 0;
			defaultConfigurationName = Release;
		};
		72F0D0011FF593EB0043C2B4 /* Build configuration list for PBXNativeTarget "MyApp" */ = {
			isa = XCConfigurationList;
			buildConfigurations = (
				72F0D0021FF593EB0043C2B4 /* Debug */,
				72F0D0031FF593EB0043C2B4 /* Release */,
			);
			defaultConfigurationIsVisible = 0;
			defaultConfigurationName = Release;
		};
		72F0D0041FF593EB0043C2B4 /* Build configuration list for PBXNativeTarget "MyAppTests" */ = {
			isa = XCConfigurationList;
			buildConfigurations = (
				72F0D0051FF593EB0043C2B4 /* Debug */,
				72F0D0061FF593EB0043C2B4 /* Release */,
			);
			defaultConfigurationIsVisible = 0;
			defaultConfigurationName = Release;
		};
		72F0D0071FF593EB0043C2B4 /* Build configuration list for PBXNativeTarget "MyAppUITests" */ = {
			isa = XCConfigurationList;
			buildConfigurations = (
				72F0D0081FF593EB0043C2B4 /* Debug */,
				72F0D0091FF593EB0043C2B4 /* Release */,
			);
			defaultConfigurationIsVisible = 0;
			defaultConfigurationName = Release;
		};
/* End XCConfigurationList section */
	};
	rootObject = 72F0CFD11FF593EB0043C2B4 /* Project object */;
}
